
Microsoft Visual Studio Solution File, Format Version 12.00
# Visual Studio Version 16
VisualStudioVersion = 16.0.810.16
MinimumVisualStudioVersion = 10.0.40219.1
Project("{FAE04EC0-301F-11D3-BF4B-00C04F79EFBC}") = "Dhrms.DataAccess", "Dhrms.DataAccess\Dhrms.DataAccess.csproj", "{EAF15DAE-5D81-491D-AC8A-8AFBF052BB90}"
EndProject
Project("{FAE04EC0-301F-11D3-BF4B-00C04F79EFBC}") = "Dhrms.WebService", "Dhrms.WebService\Dhrms.WebService.csproj", "{836840B6-0427-43AC-917B-7EAFF235A8E4}"
EndProject
Global
	GlobalSection(SolutionConfigurationPlatforms) = preSolution
		Debug|Any CPU = Debug|Any CPU
		Release|Any CPU = Release|Any CPU
	EndGlobalSection
	GlobalSection(ProjectConfigurationPlatforms) = postSolution
		{EAF15DAE-5D81-491D-AC8A-8AFBF052BB90}.Debug|Any CPU.ActiveCfg = Debug|Any CPU
		{EAF15DAE-5D81-491D-AC8A-8AFBF052BB90}.Debug|Any CPU.Build.0 = Debug|Any CPU
		{EAF15DAE-5D81-491D-AC8A-8AFBF052BB90}.Release|Any CPU.ActiveCfg = Release|Any CPU
		{EAF15DAE-5D81-491D-AC8A-8AFBF052BB90}.Release|Any CPU.Build.0 = Release|Any CPU
		{836840B6-0427-43AC-917B-7EAFF235A8E4}.Debug|Any CPU.ActiveCfg = Debug|Any CPU
		{836840B6-0427-43AC-917B-7EAFF235A8E4}.Debug|Any CPU.Build.0 = Debug|Any CPU
		{836840B6-0427-43AC-917B-7EAFF235A8E4}.Release|Any CPU.ActiveCfg = Release|Any CPU
		{836840B6-0427-43AC-917B-7EAFF235A8E4}.Release|Any CPU.Build.0 = Release|Any CPU
	EndGlobalSection
	GlobalSection(SolutionProperties) = preSolution
		HideSolutionNode = FALSE
	EndGlobalSection
	GlobalSection(ExtensibilityGlobals) = postSolution
		SolutionGuid = {AA69EAFB-D90E-402F-80C1-F5C9AD3E413F}
	EndGlobalSection
EndGlobal
